
Microsoft Visual Studio Solution File, Format Version 12.00
# Visual Studio 2013
VisualStudioVersion = 12.0.21005.1
MinimumVisualStudioVersion = 10.0.40219.1
Project("{FAE04EC0-301F-11D3-BF4B-00C04F79EFBC}") = "BasicRestApp", "BasicRestApp\BasicRestApp.csproj", "{48F18930-FE99-4619-B82E-5E67E0C21387}"
EndProject
Project("{FAE04EC0-301F-11D3-BF4B-00C04F79EFBC}") = "BasicRestServer", "BasicRestServer\BasicRestServer.csproj", "{B0E10F36-7082-4064-BAD0-E027E9311476}"
EndProject
Global
	GlobalSection(SolutionConfigurationPlatforms) = preSolution
		Debug|Any CPU = Debug|Any CPU
		Release|Any CPU = Release|Any CPU
	EndGlobalSection
	GlobalSection(ProjectConfigurationPlatforms) = postSolution
		{48F18930-FE99-4619-B82E-5E67E0C21387}.Debug|Any CPU.ActiveCfg = Debug|Any CPU
		{48F18930-FE99-4619-B82E-5E67E0C21387}.Debug|Any CPU.Build.0 = Debug|Any CPU
		{48F18930-FE99-4619-B82E-5E67E0C21387}.Release|Any CPU.ActiveCfg = Release|Any CPU
		{48F18930-FE99-4619-B82E-5E67E0C21387}.Release|Any CPU.Build.0 = Release|Any CPU
		{B0E10F36-7082-4064-BAD0-E027E9311476}.Debug|Any CPU.ActiveCfg = Debug|Any CPU
		{B0E10F36-7082-4064-BAD0-E027E9311476}.Debug|Any CPU.Build.0 = Debug|Any CPU
		{B0E10F36-7082-4064-BAD0-E027E9311476}.Release|Any CPU.ActiveCfg = Release|Any CPU
		{B0E10F36-7082-4064-BAD0-E027E9311476}.Release|Any CPU.Build.0 = Release|Any CPU
	EndGlobalSection
	GlobalSection(SolutionProperties) = preSolution
		HideSolutionNode = FALSE
	EndGlobalSection
EndGlobal
